
Microsoft Visual Studio Solution File, Format Version 12.00
# Visual Studio 15
VisualStudioVersion = 15.0.26730.15
MinimumVisualStudioVersion = 10.0.40219.1
Project("{FAE04EC0-301F-11D3-BF4B-00C04F79EFBC}") = "Ejercicio-25", "Ejercicio-25\Ejercicio-25.csproj", "{5F969549-60AA-4266-9615-9FBDE9A24E15}"
EndProject
Global
	GlobalSection(SolutionConfigurationPlatforms) = preSolution
		Debug|Any CPU = Debug|Any CPU
		Release|Any CPU = Release|Any CPU
	EndGlobalSection
	GlobalSection(ProjectConfigurationPlatforms) = postSolution
		{5F969549-60AA-4266-9615-9FBDE9A24E15}.Debug|Any CPU.ActiveCfg = Debug|Any CPU
		{5F969549-60AA-4266-9615-9FBDE9A24E15}.Debug|Any CPU.Build.0 = Debug|Any CPU
		{5F969549-60AA-4266-9615-9FBDE9A24E15}.Release|Any CPU.ActiveCfg = Release|Any CPU
		{5F969549-60AA-4266-9615-9FBDE9A24E15}.Release|Any CPU.Build.0 = Release|Any CPU
	EndGlobalSection
	GlobalSection(SolutionProperties) = preSolution
		HideSolutionNode = FALSE
	EndGlobalSection
	GlobalSection(ExtensibilityGlobals) = postSolution
		SolutionGuid = {AA1011C7-CD24-4CF4-B749-83C0ABC24719}
	EndGlobalSection
EndGlobal
